
Microsoft Visual Studio Solution File, Format Version 12.00
# Visual Studio Version 17
VisualStudioVersion = 17.11.35222.181
MinimumVisualStudioVersion = 10.0.40219.1
Project("{8BC9CEB8-8B4A-11D0-8D11-00A0C91BC942}") = "2DScroll01", "2DScroll01.vcxproj", "{2B5B25D4-F2C0-40B1-AA64-30B6A2BE8072}"
EndProject
Global
	GlobalSection(SolutionConfigurationPlatforms) = preSolution
		Debug|x64 = Debug|x64
		Debug|x86 = Debug|x86
		Release|x64 = Release|x64
		Release|x86 = Release|x86
	EndGlobalSection
	GlobalSection(ProjectConfigurationPlatforms) = postSolution
		{2B5B25D4-F2C0-40B1-AA64-30B6A2BE8072}.Debug|x64.ActiveCfg = Debug|x64
		{2B5B25D4-F2C0-40B1-AA64-30B6A2BE8072}.Debug|x64.Build.0 = Debug|x64
		{2B5B25D4-F2C0-40B1-AA64-30B6A2BE8072}.Debug|x86.ActiveCfg = Debug|Win32
		{2B5B25D4-F2C0-40B1-AA64-30B6A2BE8072}.Debug|x86.Build.0 = Debug|Win32
		{2B5B25D4-F2C0-40B1-AA64-30B6A2BE8072}.Release|x64.ActiveCfg = Release|x64
		{2B5B25D4-F2C0-40B1-AA64-30B6A2BE8072}.Release|x64.Build.0 = Release|x64
		{2B5B25D4-F2C0-40B1-AA64-30B6A2BE8072}.Release|x86.ActiveCfg = Release|Win32
		{2B5B25D4-F2C0-40B1-AA64-30B6A2BE8072}.Release|x86.Build.0 = Release|Win32
	EndGlobalSection
	GlobalSection(SolutionProperties) = preSolution
		HideSolutionNode = FALSE
	EndGlobalSection
	GlobalSection(ExtensibilityGlobals) = postSolution
		SolutionGuid = {5DA9FAAD-C19C-4D68-8F27-F792CF84E9B5}
	EndGlobalSection
EndGlobal
